
Microsoft Visual Studio Solution File, Format Version 12.00
# Visual Studio Version 17
VisualStudioVersion = 17.8.34309.116
MinimumVisualStudioVersion = 10.0.40219.1
Project("{FAE04EC0-301F-11D3-BF4B-00C04F79EFBC}") = "Recepcion", "Recepcion\Recepcion.csproj", "{EF68BE8D-FF8E-4415-888A-DA417C14FEDD}"
EndProject
Global
	GlobalSection(SolutionConfigurationPlatforms) = preSolution
		Debug|Any CPU = Debug|Any CPU
		Release|Any CPU = Release|Any CPU
	EndGlobalSection
	GlobalSection(ProjectConfigurationPlatforms) = postSolution
		{EF68BE8D-FF8E-4415-888A-DA417C14FEDD}.Debug|Any CPU.ActiveCfg = Debug|Any CPU
		{EF68BE8D-FF8E-4415-888A-DA417C14FEDD}.Debug|Any CPU.Build.0 = Debug|Any CPU
		{EF68BE8D-FF8E-4415-888A-DA417C14FEDD}.Release|Any CPU.ActiveCfg = Release|Any CPU
		{EF68BE8D-FF8E-4415-888A-DA417C14FEDD}.Release|Any CPU.Build.0 = Release|Any CPU
	EndGlobalSection
	GlobalSection(SolutionProperties) = preSolution
		HideSolutionNode = FALSE
	EndGlobalSection
	GlobalSection(ExtensibilityGlobals) = postSolution
		SolutionGuid = {8D1819FA-FC98-4C90-8BEA-CBE1A7A5FC94}
	EndGlobalSection
EndGlobal
